# THIS IS AN AUTOGENERATED FILE. DO NOT EDIT THIS FILE DIRECTLY.
# yarn lockfile v1


"@types/node@>=8.1.0":
  version "14.0.13"
  resolved "https://registry.yarnpkg.com/@types/node/-/node-14.0.13.tgz#ee1128e881b874c371374c1f72201893616417c9"
  integrity sha512-rouEWBImiRaSJsVA+ITTFM6ZxibuAlTuNOCyxVbwreu6k6+ujs7DfnU9o+PShFhET78pMBl3eH+AGSI5eOTkPA==

node-fetch@^2.6.0:
  version "2.6.0"
  resolved "https://registry.yarnpkg.com/node-fetch/-/node-fetch-2.6.0.tgz#e633456386d4aa55863f676a7ab0daa8fdecb0fd"
  integrity sha512-8dG4H5ujfvFiqDmVu9fQ5bOHUC15JMjMY/Zumv26oOvvVJjM67KF8koCWIabKQ1GJIa9r2mMZscBq/TbdOcmNA==

qs@^6.6.0:
  version "6.9.4"
  resolved "https://registry.yarnpkg.com/qs/-/qs-6.9.4.tgz#9090b290d1f91728d3c22e54843ca44aea5ab687"
  integrity sha512-A1kFqHekCTM7cz0udomYUoYNWjBebHm/5wzU/XqrBRBNWectVH0QIiN+NEcZ0Dte5hvzHwbr8+XQmguPhJ6WdQ==

stripe@^8.63.0:
  version "8.63.0"
  resolved "https://registry.yarnpkg.com/stripe/-/stripe-8.63.0.tgz#44926a492ebec0723c4a7d293fcaea130ada92ee"
  integrity sha512-IjT4c9sPy/hNA4VKLRZq1+bUnL8V3nqCGSGnEA2ueCZi9CDS1ev8Q3t/6gh9lrgJ23ps+Z5MC29WLn4EZvIuBQ==
  dependencies:
    "@types/node" ">=8.1.0"
    qs "^6.6.0"
